<?xml version="1.0" encoding="utf-8"?>
<Project ToolsVersion="4.0" xmlns="http://schemas.microsoft.com/developer/msbuild/2003">
  <ItemGroup>
    <ClCompile Include="src\Source.cpp" />
    <ClCompile Include="src\CinderFileSystem\CFSFile.cpp" />
    <ClCompile Include="src\CinderFileSystem\CinderStructure.cpp" />
    <ClCompile Include="src\Ember\Animation\Animation.cpp" />
    <ClCompile Include="src\Ember\Animation\Spritesheet.cpp" />
    <ClCompile Include="src\Ember\Assets\Assets.cpp" />
    <ClCompile Include="src\Ember\Assets\Audio.cpp" />
    <ClCompile Include="src\Ember\Assets\Font.cpp" />
    <ClCompile Include="src\Ember\Assets\Texture.cpp" />
    <ClCompile Include="src\Ember\Core\Application.cpp" />
    <ClCompile Include="src\Ember\Core\Cursor.cpp" />
    <ClCompile Include="src\Ember\Core\EventHandler.cpp" />
    <ClCompile Include="src\Ember\Core\OSDepStructures.cpp" />
    <ClCompile Include="src\Ember\Core\Renderer.cpp" />
    <ClCompile Include="src\Ember\Core\Window.cpp" />
    <ClCompile Include="src\Ember\Gui\Button.cpp" />
    <ClCompile Include="src\Ember\TileSystems\Grid.cpp" />
    <ClCompile Include="src\Ember\TileSystems\TileMap.cpp" />
    <ClCompile Include="src\Ember\Ember.cpp" />
    <ClCompile Include="src\Ember\Layer.cpp" />
    <ClCompile Include="src\Ember\Vector.cpp" />
  </ItemGroup>
  <ItemGroup>
    <ClInclude Include="src\CinderFileSystem\CFSFile.h" />
    <ClInclude Include="src\CinderFileSystem\CinderFileSys.h" />
    <ClInclude Include="src\CinderFileSystem\CinderStructure.h" />
    <ClInclude Include="src\Ember\Animation\Animation.h" />
    <ClInclude Include="src\Ember\Animation\Spritesheet.h" />
    <ClInclude Include="src\Ember\Assets\Assets.h" />
    <ClInclude Include="src\Ember\Assets\Audio.h" />
    <ClInclude Include="src\Ember\Assets\Font.h" />
    <ClInclude Include="src\Ember\Assets\Texture.h" />
    <ClInclude Include="src\Ember\Core\Events\Events.h" />
    <ClInclude Include="src\Ember\Core\Events\JoystickEvents.h" />
    <ClInclude Include="src\Ember\Core\Events\KeyboardCodes.h" />
    <ClInclude Include="src\Ember\Core\Events\KeyboardEvents.h" />
    <ClInclude Include="src\Ember\Core\Events\MouseEvents.h" />
    <ClInclude Include="src\Ember\Core\Events\WindowEvents.h" />
    <ClInclude Include="src\Ember\Core\Application.h" />
    <ClInclude Include="src\Ember\Core\Cursor.h" />
    <ClInclude Include="src\Ember\Core\EventHandler.h" />
    <ClInclude Include="src\Ember\Core\OSDepStructures.h" />
    <ClInclude Include="src\Ember\Core\Renderer.h" />
    <ClInclude Include="src\Ember\Core\Window.h" />
    <ClInclude Include="src\Ember\Gui\Button.h" />
    <ClInclude Include="src\Ember\TileSystems\Grid.h" />
    <ClInclude Include="src\Ember\TileSystems\TileMap.h" />
    <ClInclude Include="src\Ember\Ember.h" />
    <ClInclude Include="src\Ember\Layer.h" />
    <ClInclude Include="src\Ember\Vector.h" />
  </ItemGroup>
</Project>